
Microsoft Visual Studio Solution File, Format Version 12.00
# Visual Studio 15
VisualStudioVersion = 15.0.27130.2036
MinimumVisualStudioVersion = 10.0.40219.1
Project("{FAE04EC0-301F-11D3-BF4B-00C04F79EFBC}") = "ITSE1430.MovieLot.ui", "ITSE1430.MovieLot.ui\ITSE1430.MovieLot.ui.csproj", "{8D5F7CE0-4C13-4437-9C14-BF234F231ECB}"
EndProject
Global
	GlobalSection(SolutionConfigurationPlatforms) = preSolution
		Debug|Any CPU = Debug|Any CPU
		Release|Any CPU = Release|Any CPU
	EndGlobalSection
	GlobalSection(ProjectConfigurationPlatforms) = postSolution
		{8D5F7CE0-4C13-4437-9C14-BF234F231ECB}.Debug|Any CPU.ActiveCfg = Debug|Any CPU
		{8D5F7CE0-4C13-4437-9C14-BF234F231ECB}.Debug|Any CPU.Build.0 = Debug|Any CPU
		{8D5F7CE0-4C13-4437-9C14-BF234F231ECB}.Release|Any CPU.ActiveCfg = Release|Any CPU
		{8D5F7CE0-4C13-4437-9C14-BF234F231ECB}.Release|Any CPU.Build.0 = Release|Any CPU
	EndGlobalSection
	GlobalSection(SolutionProperties) = preSolution
		HideSolutionNode = FALSE
	EndGlobalSection
	GlobalSection(ExtensibilityGlobals) = postSolution
		SolutionGuid = {7FE9839B-7386-43B5-9197-0A5B50AC9029}
	EndGlobalSection
EndGlobal
