
Microsoft Visual Studio Solution File, Format Version 12.00
# Visual Studio 15
VisualStudioVersion = 15.0.27130.2036
MinimumVisualStudioVersion = 10.0.40219.1
Project("{FAE04EC0-301F-11D3-BF4B-00C04F79EFBC}") = "CharacterCreator.Winforms", "CharacterCreator.Winforms\CharacterCreator.Winforms.csproj", "{06120D3E-FB82-43B0-9D46-B561A643F334}"
EndProject
Global
	GlobalSection(SolutionConfigurationPlatforms) = preSolution
		Debug|Any CPU = Debug|Any CPU
		Release|Any CPU = Release|Any CPU
	EndGlobalSection
	GlobalSection(ProjectConfigurationPlatforms) = postSolution
		{06120D3E-FB82-43B0-9D46-B561A643F334}.Debug|Any CPU.ActiveCfg = Debug|Any CPU
		{06120D3E-FB82-43B0-9D46-B561A643F334}.Debug|Any CPU.Build.0 = Debug|Any CPU
		{06120D3E-FB82-43B0-9D46-B561A643F334}.Release|Any CPU.ActiveCfg = Release|Any CPU
		{06120D3E-FB82-43B0-9D46-B561A643F334}.Release|Any CPU.Build.0 = Release|Any CPU
	EndGlobalSection
	GlobalSection(SolutionProperties) = preSolution
		HideSolutionNode = FALSE
	EndGlobalSection
	GlobalSection(ExtensibilityGlobals) = postSolution
		SolutionGuid = {8DA630A5-99FF-472C-892C-83766211EF72}
	EndGlobalSection
EndGlobal
