
Microsoft Visual Studio Solution File, Format Version 12.00
# Visual Studio 2012
Project("{FAE04EC0-301F-11D3-BF4B-00C04F79EFBC}") = "ContactManager.WinForms", "ContactManager.WinForms\ContactManager.WinForms.csproj", "{CC644BC1-CE28-4132-9F03-1510ADF2A919}"
EndProject
Project("{FAE04EC0-301F-11D3-BF4B-00C04F79EFBC}") = "ContactManager", "ContactManager\ContactManager.csproj", "{835D020D-3750-4AB0-BE75-75C978644DB0}"
EndProject
Global
	GlobalSection(SolutionConfigurationPlatforms) = preSolution
		Debug|Any CPU = Debug|Any CPU
		Release|Any CPU = Release|Any CPU
	EndGlobalSection
	GlobalSection(ProjectConfigurationPlatforms) = postSolution
		{CC644BC1-CE28-4132-9F03-1510ADF2A919}.Debug|Any CPU.ActiveCfg = Debug|Any CPU
		{CC644BC1-CE28-4132-9F03-1510ADF2A919}.Debug|Any CPU.Build.0 = Debug|Any CPU
		{CC644BC1-CE28-4132-9F03-1510ADF2A919}.Release|Any CPU.ActiveCfg = Release|Any CPU
		{CC644BC1-CE28-4132-9F03-1510ADF2A919}.Release|Any CPU.Build.0 = Release|Any CPU
		{835D020D-3750-4AB0-BE75-75C978644DB0}.Debug|Any CPU.ActiveCfg = Debug|Any CPU
		{835D020D-3750-4AB0-BE75-75C978644DB0}.Debug|Any CPU.Build.0 = Debug|Any CPU
		{835D020D-3750-4AB0-BE75-75C978644DB0}.Release|Any CPU.ActiveCfg = Release|Any CPU
		{835D020D-3750-4AB0-BE75-75C978644DB0}.Release|Any CPU.Build.0 = Release|Any CPU
	EndGlobalSection
	GlobalSection(SolutionProperties) = preSolution
		HideSolutionNode = FALSE
	EndGlobalSection
EndGlobal
